// !$*UTF8*$!
{
	archiveVersion = 1;
	classes = {
	};
	objectVersion = 46;
	objects = {

/* Begin PBXBuildFile section */
		C52667C41A1943380030CA8A /* TitleScene.swift in Sources */ = {isa = PBXBuildFile; fileRef = C52667C31A1943380030CA8A /* TitleScene.swift */; };
		C52667C61A19583C0030CA8A /* PreviewScene.swift in Sources */ = {isa = PBXBuildFile; fileRef = C52667C51A19583C0030CA8A /* PreviewScene.swift */; };
		C52667C81A1ACEB10030CA8A /* meh.png in Resources */ = {isa = PBXBuildFile; fileRef = C52667C71A1ACEB10030CA8A /* meh.png */; };
		C52667CC1A1ACEC20030CA8A /* chicken.png in Resources */ = {isa = PBXBuildFile; fileRef = C52667C91A1ACEC20030CA8A /* chicken.png */; };
		C52667CD1A1ACEC20030CA8A /* mikewazaski.png in Resources */ = {isa = PBXBuildFile; fileRef = C52667CA1A1ACEC20030CA8A /* mikewazaski.png */; };
		C52667CE1A1ACEC20030CA8A /* theabyss.png in Resources */ = {isa = PBXBuildFile; fileRef = C52667CB1A1ACEC20030CA8A /* theabyss.png */; };
		C53714D91A14CC0900367933 /* Utilities.swift in Sources */ = {isa = PBXBuildFile; fileRef = C53714D81A14CC0900367933 /* Utilities.swift */; };
		C53714DB1A14CC4300367933 /* GameData.swift in Sources */ = {isa = PBXBuildFile; fileRef = C53714DA1A14CC4300367933 /* GameData.swift */; };
		C53714DD1A14CC9100367933 /* GameDelegate.swift in Sources */ = {isa = PBXBuildFile; fileRef = C53714DC1A14CC9100367933 /* GameDelegate.swift */; };
		C53714DF1A14CCAC00367933 /* Field.swift in Sources */ = {isa = PBXBuildFile; fileRef = C53714DE1A14CCAC00367933 /* Field.swift */; };
		C53714E11A14CCD300367933 /* WhiteBloodCell.swift in Sources */ = {isa = PBXBuildFile; fileRef = C53714E01A14CCD300367933 /* WhiteBloodCell.swift */; };
		C53714E31A14CCF700367933 /* Antibody.swift in Sources */ = {isa = PBXBuildFile; fileRef = C53714E21A14CCF700367933 /* Antibody.swift */; };
		C53714E51A14CD1100367933 /* Antigen.swift in Sources */ = {isa = PBXBuildFile; fileRef = C53714E41A14CD1100367933 /* Antigen.swift */; };
		C53714E71A14CD2500367933 /* Virus.swift in Sources */ = {isa = PBXBuildFile; fileRef = C53714E61A14CD2500367933 /* Virus.swift */; };
		C53892771A13661000E85D76 /* AppDelegate.swift in Sources */ = {isa = PBXBuildFile; fileRef = C53892761A13661000E85D76 /* AppDelegate.swift */; };
		C538927B1A13661000E85D76 /* GameScene.swift in Sources */ = {isa = PBXBuildFile; fileRef = C538927A1A13661000E85D76 /* GameScene.swift */; };
		C538927D1A13661000E85D76 /* GameViewController.swift in Sources */ = {isa = PBXBuildFile; fileRef = C538927C1A13661000E85D76 /* GameViewController.swift */; };
		C53892801A13661000E85D76 /* Main.storyboard in Resources */ = {isa = PBXBuildFile; fileRef = C538927E1A13661000E85D76 /* Main.storyboard */; };
		C53892821A13661000E85D76 /* Images.xcassets in Resources */ = {isa = PBXBuildFile; fileRef = C53892811A13661000E85D76 /* Images.xcassets */; };
		C53892851A13661000E85D76 /* LaunchScreen.xib in Resources */ = {isa = PBXBuildFile; fileRef = C53892831A13661000E85D76 /* LaunchScreen.xib */; };
		C53892911A13661000E85D76 /* MicroblastTests.swift in Sources */ = {isa = PBXBuildFile; fileRef = C53892901A13661000E85D76 /* MicroblastTests.swift */; };
		C538929B1A13663500E85D76 /* SpriteKit.framework in Frameworks */ = {isa = PBXBuildFile; fileRef = C538929A1A13663500E85D76 /* SpriteKit.framework */; };
		C55318F21A175E38004F45A1 /* amoeba-split-1.png in Resources */ = {isa = PBXBuildFile; fileRef = C55318EA1A175E38004F45A1 /* amoeba-split-1.png */; };
		C55318F31A175E38004F45A1 /* amoeba-split-2.png in Resources */ = {isa = PBXBuildFile; fileRef = C55318EB1A175E38004F45A1 /* amoeba-split-2.png */; };
		C55318F41A175E38004F45A1 /* amoeba-split-3.png in Resources */ = {isa = PBXBuildFile; fileRef = C55318EC1A175E38004F45A1 /* amoeba-split-3.png */; };
		C55318F51A175E38004F45A1 /* amoeba-split-4.png in Resources */ = {isa = PBXBuildFile; fileRef = C55318ED1A175E38004F45A1 /* amoeba-split-4.png */; };
		C55318F61A175E38004F45A1 /* amoeba-split-5.png in Resources */ = {isa = PBXBuildFile; fileRef = C55318EE1A175E38004F45A1 /* amoeba-split-5.png */; };
		C55318F71A175E38004F45A1 /* amoeba-split-6.png in Resources */ = {isa = PBXBuildFile; fileRef = C55318EF1A175E38004F45A1 /* amoeba-split-6.png */; };
		C55318F81A175E38004F45A1 /* amoeba-split-7.png in Resources */ = {isa = PBXBuildFile; fileRef = C55318F01A175E38004F45A1 /* amoeba-split-7.png */; };
		C55318F91A175E38004F45A1 /* amoeba-split.png in Resources */ = {isa = PBXBuildFile; fileRef = C55318F11A175E38004F45A1 /* amoeba-split.png */; };
		C55318FC1A1766EA004F45A1 /* special.wav in Resources */ = {isa = PBXBuildFile; fileRef = C55318FB1A1766EA004F45A1 /* special.wav */; };
		C55319041A18C9E9004F45A1 /* levelpreview.png in Resources */ = {isa = PBXBuildFile; fileRef = C55319031A18C9E9004F45A1 /* levelpreview.png */; };
		C55319061A18C9F3004F45A1 /* previewgrid.png in Resources */ = {isa = PBXBuildFile; fileRef = C55319051A18C9F3004F45A1 /* previewgrid.png */; };
		C55319111A18D296004F45A1 /* vredstar-silhouette-1.png in Resources */ = {isa = PBXBuildFile; fileRef = C55319081A18D296004F45A1 /* vredstar-silhouette-1.png */; };
		C55319121A18D296004F45A1 /* vredstar-silhouette-2.png in Resources */ = {isa = PBXBuildFile; fileRef = C55319091A18D296004F45A1 /* vredstar-silhouette-2.png */; };
		C55319131A18D296004F45A1 /* vredstar-silhouette-3.png in Resources */ = {isa = PBXBuildFile; fileRef = C553190A1A18D296004F45A1 /* vredstar-silhouette-3.png */; };
		C55319141A18D296004F45A1 /* vredstar-silhouette-4.png in Resources */ = {isa = PBXBuildFile; fileRef = C553190B1A18D296004F45A1 /* vredstar-silhouette-4.png */; };
		C55319151A18D296004F45A1 /* vredstar-silhouette-5.png in Resources */ = {isa = PBXBuildFile; fileRef = C553190C1A18D296004F45A1 /* vredstar-silhouette-5.png */; };
		C55319161A18D296004F45A1 /* vredstar-silhouette-6.png in Resources */ = {isa = PBXBuildFile; fileRef = C553190D1A18D296004F45A1 /* vredstar-silhouette-6.png */; };
		C55319171A18D296004F45A1 /* vredstar-silhouette-7.png in Resources */ = {isa = PBXBuildFile; fileRef = C553190E1A18D296004F45A1 /* vredstar-silhouette-7.png */; };
		C55319181A18D296004F45A1 /* vredstar-silhouette-8.png in Resources */ = {isa = PBXBuildFile; fileRef = C553190F1A18D296004F45A1 /* vredstar-silhouette-8.png */; };
		C55319191A18D296004F45A1 /* vredstar-silhouette.png in Resources */ = {isa = PBXBuildFile; fileRef = C55319101A18D296004F45A1 /* vredstar-silhouette.png */; };
		C566AC201A14382E00EF89F5 /* Game.swift in Sources */ = {isa = PBXBuildFile; fileRef = C566AC1F1A14382E00EF89F5 /* Game.swift */; };
		C566AC221A14387700EF89F5 /* Physics.swift in Sources */ = {isa = PBXBuildFile; fileRef = C566AC211A14387700EF89F5 /* Physics.swift */; };
		C56E50A91A1C3A34003153C9 /* line.png in Resources */ = {isa = PBXBuildFile; fileRef = C56E50A81A1C3A34003153C9 /* line.png */; };
		C5C3BC891A14F3AD00B6F417 /* theme.mp3 in Resources */ = {isa = PBXBuildFile; fileRef = C5C3BC881A14F3AD00B6F417 /* theme.mp3 */; };
		C5C3BC8D1A14FB3400B6F417 /* laser.wav in Resources */ = {isa = PBXBuildFile; fileRef = C5C3BC8C1A14FB3400B6F417 /* laser.wav */; };
		C5C3BC911A150C2900B6F417 /* explosion.wav in Resources */ = {isa = PBXBuildFile; fileRef = C5C3BC901A150C2900B6F417 /* explosion.wav */; };
		C5E262271A16771A009C3BB5 /* zap-1.png in Resources */ = {isa = PBXBuildFile; fileRef = C5E262241A16771A009C3BB5 /* zap-1.png */; };
		C5E262281A16771A009C3BB5 /* zap-2.png in Resources */ = {isa = PBXBuildFile; fileRef = C5E262251A16771A009C3BB5 /* zap-2.png */; };
		C5E262291A16771A009C3BB5 /* zap-3.png in Resources */ = {isa = PBXBuildFile; fileRef = C5E262261A16771A009C3BB5 /* zap-3.png */; };
		C5E2622E1A16C8EB009C3BB5 /* slash-1.png in Resources */ = {isa = PBXBuildFile; fileRef = C5E2622A1A16C8EB009C3BB5 /* slash-1.png */; };
		C5E2622F1A16C8EB009C3BB5 /* slash-2.png in Resources */ = {isa = PBXBuildFile; fileRef = C5E2622B1A16C8EB009C3BB5 /* slash-2.png */; };
		C5E262301A16C8EB009C3BB5 /* slash-3.png in Resources */ = {isa = PBXBuildFile; fileRef = C5E2622C1A16C8EB009C3BB5 /* slash-3.png */; };
		C5E262311A16C8EB009C3BB5 /* slash.png in Resources */ = {isa = PBXBuildFile; fileRef = C5E2622D1A16C8EB009C3BB5 /* slash.png */; };
		C5E262371A16CBA4009C3BB5 /* snow-1.png in Resources */ = {isa = PBXBuildFile; fileRef = C5E262331A16CBA4009C3BB5 /* snow-1.png */; };
		C5E262381A16CBA4009C3BB5 /* snow-2.png in Resources */ = {isa = PBXBuildFile; fileRef = C5E262341A16CBA4009C3BB5 /* snow-2.png */; };
		C5E262391A16CBA4009C3BB5 /* snow-3.png in Resources */ = {isa = PBXBuildFile; fileRef = C5E262351A16CBA4009C3BB5 /* snow-3.png */; };
		C5E2623A1A16CBA4009C3BB5 /* snow.png in Resources */ = {isa = PBXBuildFile; fileRef = C5E262361A16CBA4009C3BB5 /* snow.png */; };
		C5E262481A1739B5009C3BB5 /* powergold.png in Resources */ = {isa = PBXBuildFile; fileRef = C5E262441A1739B5009C3BB5 /* powergold.png */; };
		C5E262491A1739B5009C3BB5 /* powergreen.png in Resources */ = {isa = PBXBuildFile; fileRef = C5E262451A1739B5009C3BB5 /* powergreen.png */; };
		C5E2624A1A1739B5009C3BB5 /* powerred.png in Resources */ = {isa = PBXBuildFile; fileRef = C5E262461A1739B5009C3BB5 /* powerred.png */; };
		C5E2624C1A173D07009C3BB5 /* powerblue.png in Resources */ = {isa = PBXBuildFile; fileRef = C5E2624B1A173D07009C3BB5 /* powerblue.png */; };
		C5EABC001A1C259600F09E10 /* statusbar.png in Resources */ = {isa = PBXBuildFile; fileRef = C5EABBFF1A1C259600F09E10 /* statusbar.png */; };
		C5F2EA5D1A153A980020206F /* antibody.png in Resources */ = {isa = PBXBuildFile; fileRef = C5F2EA5C1A153A980020206F /* antibody.png */; };
		C5F2EA6B1A155A480020206F /* explosion-1.png in Resources */ = {isa = PBXBuildFile; fileRef = C5F2EA681A155A480020206F /* explosion-1.png */; };
		C5F2EA6C1A155A480020206F /* explosion-2.png in Resources */ = {isa = PBXBuildFile; fileRef = C5F2EA691A155A480020206F /* explosion-2.png */; };
		C5F2EA6D1A155A480020206F /* explosion-3.png in Resources */ = {isa = PBXBuildFile; fileRef = C5F2EA6A1A155A480020206F /* explosion-3.png */; };
		C5F2EAB71A1631BE0020206F /* wcell.png in Resources */ = {isa = PBXBuildFile; fileRef = C5F2EAB61A1631BE0020206F /* wcell.png */; };
		C5F2EAC11A1642AD0020206F /* amoeba-1.png in Resources */ = {isa = PBXBuildFile; fileRef = C5F2EAB81A1642AD0020206F /* amoeba-1.png */; };
		C5F2EAC21A1642AD0020206F /* amoeba-2.png in Resources */ = {isa = PBXBuildFile; fileRef = C5F2EAB91A1642AD0020206F /* amoeba-2.png */; };
		C5F2EAC31A1642AD0020206F /* amoeba-3.png in Resources */ = {isa = PBXBuildFile; fileRef = C5F2EABA1A1642AD0020206F /* amoeba-3.png */; };
		C5F2EAC41A1642AD0020206F /* amoeba-4.png in Resources */ = {isa = PBXBuildFile; fileRef = C5F2EABB1A1642AD0020206F /* amoeba-4.png */; };
		C5F2EAC51A1642AD0020206F /* amoeba-5.png in Resources */ = {isa = PBXBuildFile; fileRef = C5F2EABC1A1642AD0020206F /* amoeba-5.png */; };
		C5F2EAC61A1642AD0020206F /* amoeba-6.png in Resources */ = {isa = PBXBuildFile; fileRef = C5F2EABD1A1642AD0020206F /* amoeba-6.png */; };
		C5F2EAC71A1642AD0020206F /* amoeba-7.png in Resources */ = {isa = PBXBuildFile; fileRef = C5F2EABE1A1642AD0020206F /* amoeba-7.png */; };
		C5F2EAC81A1642AD0020206F /* amoeba-8.png in Resources */ = {isa = PBXBuildFile; fileRef = C5F2EABF1A1642AD0020206F /* amoeba-8.png */; };
		C5F2EAC91A1642AD0020206F /* amoeba.png in Resources */ = {isa = PBXBuildFile; fileRef = C5F2EAC01A1642AD0020206F /* amoeba.png */; };
		C5F2EAEF1A164B8D0020206F /* bg@2x.jpg in Resources */ = {isa = PBXBuildFile; fileRef = C5F2EAEE1A164B8D0020206F /* bg@2x.jpg */; };
		C5F2EAF91A1657170020206F /* vredstar-1.png in Resources */ = {isa = PBXBuildFile; fileRef = C5F2EAF01A1657170020206F /* vredstar-1.png */; };
		C5F2EAFA1A1657170020206F /* vredstar-2.png in Resources */ = {isa = PBXBuildFile; fileRef = C5F2EAF11A1657170020206F /* vredstar-2.png */; };
		C5F2EAFB1A1657170020206F /* vredstar-3.png in Resources */ = {isa = PBXBuildFile; fileRef = C5F2EAF21A1657170020206F /* vredstar-3.png */; };
		C5F2EAFC1A1657170020206F /* vredstar-4.png in Resources */ = {isa = PBXBuildFile; fileRef = C5F2EAF31A1657170020206F /* vredstar-4.png */; };
		C5F2EAFD1A1657170020206F /* vredstar-5.png in Resources */ = {isa = PBXBuildFile; fileRef = C5F2EAF41A1657170020206F /* vredstar-5.png */; };
		C5F2EAFE1A1657170020206F /* vredstar-6.png in Resources */ = {isa = PBXBuildFile; fileRef = C5F2EAF51A1657170020206F /* vredstar-6.png */; };
		C5F2EAFF1A1657170020206F /* vredstar-7.png in Resources */ = {isa = PBXBuildFile; fileRef = C5F2EAF61A1657170020206F /* vredstar-7.png */; };
		C5F2EB001A1657170020206F /* vredstar-8.png in Resources */ = {isa = PBXBuildFile; fileRef = C5F2EAF71A1657170020206F /* vredstar-8.png */; };
		C5F2EB011A1657170020206F /* vredstar.png in Resources */ = {isa = PBXBuildFile; fileRef = C5F2EAF81A1657170020206F /* vredstar.png */; };
		C5F2EB0C1A1657AE0020206F /* vbluestar-1.png in Resources */ = {isa = PBXBuildFile; fileRef = C5F2EB031A1657AE0020206F /* vbluestar-1.png */; };
		C5F2EB0D1A1657AE0020206F /* vbluestar-2.png in Resources */ = {isa = PBXBuildFile; fileRef = C5F2EB041A1657AE0020206F /* vbluestar-2.png */; };
		C5F2EB0E1A1657AE0020206F /* vbluestar-3.png in Resources */ = {isa = PBXBuildFile; fileRef = C5F2EB051A1657AE0020206F /* vbluestar-3.png */; };
		C5F2EB0F1A1657AE0020206F /* vbluestar-4.png in Resources */ = {isa = PBXBuildFile; fileRef = C5F2EB061A1657AE0020206F /* vbluestar-4.png */; };
		C5F2EB101A1657AE0020206F /* vbluestar-5.png in Resources */ = {isa = PBXBuildFile; fileRef = C5F2EB071A1657AE0020206F /* vbluestar-5.png */; };
		C5F2EB111A1657AE0020206F /* vbluestar-6.png in Resources */ = {isa = PBXBuildFile; fileRef = C5F2EB081A1657AE0020206F /* vbluestar-6.png */; };
		C5F2EB121A1657AE0020206F /* vbluestar-7.png in Resources */ = {isa = PBXBuildFile; fileRef = C5F2EB091A1657AE0020206F /* vbluestar-7.png */; };
		C5F2EB131A1657AE0020206F /* vbluestar-8.png in Resources */ = {isa = PBXBuildFile; fileRef = C5F2EB0A1A1657AE0020206F /* vbluestar-8.png */; };
		C5F2EB141A1657AE0020206F /* vbluestar.png in Resources */ = {isa = PBXBuildFile; fileRef = C5F2EB0B1A1657AE0020206F /* vbluestar.png */; };
		C5F2EB1F1A1660D70020206F /* vgreenstar-1.png in Resources */ = {isa = PBXBuildFile; fileRef = C5F2EB161A1660D70020206F /* vgreenstar-1.png */; };
		C5F2EB201A1660D70020206F /* vgreenstar-2.png in Resources */ = {isa = PBXBuildFile; fileRef = C5F2EB171A1660D70020206F /* vgreenstar-2.png */; };
		C5F2EB211A1660D70020206F /* vgreenstar-3.png in Resources */ = {isa = PBXBuildFile; fileRef = C5F2EB181A1660D70020206F /* vgreenstar-3.png */; };
		C5F2EB221A1660D70020206F /* vgreenstar-4.png in Resources */ = {isa = PBXBuildFile; fileRef = C5F2EB191A1660D70020206F /* vgreenstar-4.png */; };
		C5F2EB231A1660D70020206F /* vgreenstar-5.png in Resources */ = {isa = PBXBuildFile; fileRef = C5F2EB1A1A1660D70020206F /* vgreenstar-5.png */; };
		C5F2EB241A1660D70020206F /* vgreenstar-6.png in Resources */ = {isa = PBXBuildFile; fileRef = C5F2EB1B1A1660D70020206F /* vgreenstar-6.png */; };
		C5F2EB251A1660D70020206F /* vgreenstar-7.png in Resources */ = {isa = PBXBuildFile; fileRef = C5F2EB1C1A1660D70020206F /* vgreenstar-7.png */; };
		C5F2EB261A1660D70020206F /* vgreenstar-8.png in Resources */ = {isa = PBXBuildFile; fileRef = C5F2EB1D1A1660D70020206F /* vgreenstar-8.png */; };
		C5F2EB271A1660D70020206F /* vgreenstar.png in Resources */ = {isa = PBXBuildFile; fileRef = C5F2EB1E1A1660D70020206F /* vgreenstar.png */; };
		C5F2EB321A1664ED0020206F /* vgoldstar-1.png in Resources */ = {isa = PBXBuildFile; fileRef = C5F2EB291A1664ED0020206F /* vgoldstar-1.png */; };
		C5F2EB331A1664ED0020206F /* vgoldstar-2.png in Resources */ = {isa = PBXBuildFile; fileRef = C5F2EB2A1A1664ED0020206F /* vgoldstar-2.png */; };
		C5F2EB341A1664ED0020206F /* vgoldstar-3.png in Resources */ = {isa = PBXBuildFile; fileRef = C5F2EB2B1A1664ED0020206F /* vgoldstar-3.png */; };
		C5F2EB351A1664ED0020206F /* vgoldstar-4.png in Resources */ = {isa = PBXBuildFile; fileRef = C5F2EB2C1A1664ED0020206F /* vgoldstar-4.png */; };
		C5F2EB361A1664ED0020206F /* vgoldstar-5.png in Resources */ = {isa = PBXBuildFile; fileRef = C5F2EB2D1A1664ED0020206F /* vgoldstar-5.png */; };
		C5F2EB371A1664ED0020206F /* vgoldstar-6.png in Resources */ = {isa = PBXBuildFile; fileRef = C5F2EB2E1A1664ED0020206F /* vgoldstar-6.png */; };
		C5F2EB381A1664ED0020206F /* vgoldstar-7.png in Resources */ = {isa = PBXBuildFile; fileRef = C5F2EB2F1A1664ED0020206F /* vgoldstar-7.png */; };
		C5F2EB3A1A1664ED0020206F /* vgoldstar.png in Resources */ = {isa = PBXBuildFile; fileRef = C5F2EB311A1664ED0020206F /* vgoldstar.png */; };
		C5F2EB3C1A1665D60020206F /* vgoldstar-8.png in Resources */ = {isa = PBXBuildFile; fileRef = C5F2EB3B1A1665D60020206F /* vgoldstar-8.png */; };
		C5F2EB421A166C070020206F /* pin.png in Resources */ = {isa = PBXBuildFile; fileRef = C5F2EB411A166C070020206F /* pin.png */; };
		C5F2EB461A166E790020206F /* zap.png in Resources */ = {isa = PBXBuildFile; fileRef = C5F2EB451A166E790020206F /* zap.png */; };
/* End PBXBuildFile section */

/* Begin PBXContainerItemProxy section */
		C538928B1A13661000E85D76 /* PBXContainerItemProxy */ = {
			isa = PBXContainerItemProxy;
			containerPortal = C53892691A13661000E85D76 /* Project object */;
			proxyType = 1;
			remoteGlobalIDString = C53892701A13661000E85D76;
			remoteInfo = Microblast;
		};
/* End PBXContainerItemProxy section */

/* Begin PBXFileReference section */
		C52667C31A1943380030CA8A /* TitleScene.swift */ = {isa = PBXFileReference; fileEncoding = 4; lastKnownFileType = sourcecode.swift; path = TitleScene.swift; sourceTree = "<group>"; };
		C52667C51A19583C0030CA8A /* PreviewScene.swift */ = {isa = PBXFileReference; fileEncoding = 4; lastKnownFileType = sourcecode.swift; path = PreviewScene.swift; sourceTree = "<group>"; };
		C52667C71A1ACEB10030CA8A /* meh.png */ = {isa = PBXFileReference; lastKnownFileType = image.png; path = meh.png; sourceTree = "<group>"; };
		C52667C91A1ACEC20030CA8A /* chicken.png */ = {isa = PBXFileReference; lastKnownFileType = image.png; path = chicken.png; sourceTree = "<group>"; };
		C52667CA1A1ACEC20030CA8A /* mikewazaski.png */ = {isa = PBXFileReference; lastKnownFileType = image.png; path = mikewazaski.png; sourceTree = "<group>"; };
		C52667CB1A1ACEC20030CA8A /* theabyss.png */ = {isa = PBXFileReference; lastKnownFileType = image.png; path = theabyss.png; sourceTree = "<group>"; };
		C53714D81A14CC0900367933 /* Utilities.swift */ = {isa = PBXFileReference; fileEncoding = 4; lastKnownFileType = sourcecode.swift; path = Utilities.swift; sourceTree = "<group>"; };
		C53714DA1A14CC4300367933 /* GameData.swift */ = {isa = PBXFileReference; fileEncoding = 4; lastKnownFileType = sourcecode.swift; path = GameData.swift; sourceTree = "<group>"; };
		C53714DC1A14CC9100367933 /* GameDelegate.swift */ = {isa = PBXFileReference; fileEncoding = 4; lastKnownFileType = sourcecode.swift; path = GameDelegate.swift; sourceTree = "<group>"; };
		C53714DE1A14CCAC00367933 /* Field.swift */ = {isa = PBXFileReference; fileEncoding = 4; lastKnownFileType = sourcecode.swift; path = Field.swift; sourceTree = "<group>"; };
		C53714E01A14CCD300367933 /* WhiteBloodCell.swift */ = {isa = PBXFileReference; fileEncoding = 4; lastKnownFileType = sourcecode.swift; path = WhiteBloodCell.swift; sourceTree = "<group>"; };
		C53714E21A14CCF700367933 /* Antibody.swift */ = {isa = PBXFileReference; fileEncoding = 4; lastKnownFileType = sourcecode.swift; path = Antibody.swift; sourceTree = "<group>"; };
		C53714E41A14CD1100367933 /* Antigen.swift */ = {isa = PBXFileReference; fileEncoding = 4; lastKnownFileType = sourcecode.swift; path = Antigen.swift; sourceTree = "<group>"; };
		C53714E61A14CD2500367933 /* Virus.swift */ = {isa = PBXFileReference; fileEncoding = 4; lastKnownFileType = sourcecode.swift; path = Virus.swift; sourceTree = "<group>"; };
		C53892711A13661000E85D76 /* Microblast.app */ = {isa = PBXFileReference; explicitFileType = wrapper.application; includeInIndex = 0; path = Microblast.app; sourceTree = BUILT_PRODUCTS_DIR; };
		C53892751A13661000E85D76 /* Info.plist */ = {isa = PBXFileReference; lastKnownFileType = text.plist.xml; path = Info.plist; sourceTree = "<group>"; };
		C53892761A13661000E85D76 /* AppDelegate.swift */ = {isa = PBXFileReference; lastKnownFileType = sourcecode.swift; path = AppDelegate.swift; sourceTree = "<group>"; };
		C538927A1A13661000E85D76 /* GameScene.swift */ = {isa = PBXFileReference; lastKnownFileType = sourcecode.swift; path = GameScene.swift; sourceTree = "<group>"; };
		C538927C1A13661000E85D76 /* GameViewController.swift */ = {isa = PBXFileReference; lastKnownFileType = sourcecode.swift; path = GameViewController.swift; sourceTree = "<group>"; };
		C538927F1A13661000E85D76 /* Base */ = {isa = PBXFileReference; lastKnownFileType = file.storyboard; name = Base; path = Base.lproj/Main.storyboard; sourceTree = "<group>"; };
		C53892811A13661000E85D76 /* Images.xcassets */ = {isa = PBXFileReference; lastKnownFileType = folder.assetcatalog; path = Images.xcassets; sourceTree = "<group>"; };
		C53892841A13661000E85D76 /* Base */ = {isa = PBXFileReference; lastKnownFileType = file.xib; name = Base; path = Base.lproj/LaunchScreen.xib; sourceTree = "<group>"; };
		C538928A1A13661000E85D76 /* MicroblastTests.xctest */ = {isa = PBXFileReference; explicitFileType = wrapper.cfbundle; includeInIndex = 0; path = MicroblastTests.xctest; sourceTree = BUILT_PRODUCTS_DIR; };
		C538928F1A13661000E85D76 /* Info.plist */ = {isa = PBXFileReference; lastKnownFileType = text.plist.xml; path = Info.plist; sourceTree = "<group>"; };
		C53892901A13661000E85D76 /* MicroblastTests.swift */ = {isa = PBXFileReference; lastKnownFileType = sourcecode.swift; path = MicroblastTests.swift; sourceTree = "<group>"; };
		C538929A1A13663500E85D76 /* SpriteKit.framework */ = {isa = PBXFileReference; lastKnownFileType = wrapper.framework; name = SpriteKit.framework; path = System/Library/Frameworks/SpriteKit.framework; sourceTree = SDKROOT; };
		C55318EA1A175E38004F45A1 /* amoeba-split-1.png */ = {isa = PBXFileReference; lastKnownFileType = image.png; path = "amoeba-split-1.png"; sourceTree = "<group>"; };
		C55318EB1A175E38004F45A1 /* amoeba-split-2.png */ = {isa = PBXFileReference; lastKnownFileType = image.png; path = "amoeba-split-2.png"; sourceTree = "<group>"; };
		C55318EC1A175E38004F45A1 /* amoeba-split-3.png */ = {isa = PBXFileReference; lastKnownFileType = image.png; path = "amoeba-split-3.png"; sourceTree = "<group>"; };
		C55318ED1A175E38004F45A1 /* amoeba-split-4.png */ = {isa = PBXFileReference; lastKnownFileType = image.png; path = "amoeba-split-4.png"; sourceTree = "<group>"; };
		C55318EE1A175E38004F45A1 /* amoeba-split-5.png */ = {isa = PBXFileReference; lastKnownFileType = image.png; path = "amoeba-split-5.png"; sourceTree = "<group>"; };
		C55318EF1A175E38004F45A1 /* amoeba-split-6.png */ = {isa = PBXFileReference; lastKnownFileType = image.png; path = "amoeba-split-6.png"; sourceTree = "<group>"; };
		C55318F01A175E38004F45A1 /* amoeba-split-7.png */ = {isa = PBXFileReference; lastKnownFileType = image.png; path = "amoeba-split-7.png"; sourceTree = "<group>"; };
		C55318F11A175E38004F45A1 /* amoeba-split.png */ = {isa = PBXFileReference; lastKnownFileType = image.png; path = "amoeba-split.png"; sourceTree = "<group>"; };
		C55318FB1A1766EA004F45A1 /* special.wav */ = {isa = PBXFileReference; lastKnownFileType = audio.wav; path = special.wav; sourceTree = "<group>"; };
		C55319031A18C9E9004F45A1 /* levelpreview.png */ = {isa = PBXFileReference; lastKnownFileType = image.png; path = levelpreview.png; sourceTree = "<group>"; };
		C55319051A18C9F3004F45A1 /* previewgrid.png */ = {isa = PBXFileReference; lastKnownFileType = image.png; path = previewgrid.png; sourceTree = "<group>"; };
		C55319081A18D296004F45A1 /* vredstar-silhouette-1.png */ = {isa = PBXFileReference; lastKnownFileType = image.png; path = "vredstar-silhouette-1.png"; sourceTree = "<group>"; };
		C55319091A18D296004F45A1 /* vredstar-silhouette-2.png */ = {isa = PBXFileReference; lastKnownFileType = image.png; path = "vredstar-silhouette-2.png"; sourceTree = "<group>"; };
		C553190A1A18D296004F45A1 /* vredstar-silhouette-3.png */ = {isa = PBXFileReference; lastKnownFileType = image.png; path = "vredstar-silhouette-3.png"; sourceTree = "<group>"; };
		C553190B1A18D296004F45A1 /* vredstar-silhouette-4.png */ = {isa = PBXFileReference; lastKnownFileType = image.png; path = "vredstar-silhouette-4.png"; sourceTree = "<group>"; };
		C553190C1A18D296004F45A1 /* vredstar-silhouette-5.png */ = {isa = PBXFileReference; lastKnownFileType = image.png; path = "vredstar-silhouette-5.png"; sourceTree = "<group>"; };
		C553190D1A18D296004F45A1 /* vredstar-silhouette-6.png */ = {isa = PBXFileReference; lastKnownFileType = image.png; path = "vredstar-silhouette-6.png"; sourceTree = "<group>"; };
		C553190E1A18D296004F45A1 /* vredstar-silhouette-7.png */ = {isa = PBXFileReference; lastKnownFileType = image.png; path = "vredstar-silhouette-7.png"; sourceTree = "<group>"; };
		C553190F1A18D296004F45A1 /* vredstar-silhouette-8.png */ = {isa = PBXFileReference; lastKnownFileType = image.png; path = "vredstar-silhouette-8.png"; sourceTree = "<group>"; };
		C55319101A18D296004F45A1 /* vredstar-silhouette.png */ = {isa = PBXFileReference; lastKnownFileType = image.png; path = "vredstar-silhouette.png"; sourceTree = "<group>"; };
		C566AC1F1A14382E00EF89F5 /* Game.swift */ = {isa = PBXFileReference; fileEncoding = 4; lastKnownFileType = sourcecode.swift; path = Game.swift; sourceTree = "<group>"; };
		C566AC211A14387700EF89F5 /* Physics.swift */ = {isa = PBXFileReference; fileEncoding = 4; lastKnownFileType = sourcecode.swift; path = Physics.swift; sourceTree = "<group>"; };
		C56E50A81A1C3A34003153C9 /* line.png */ = {isa = PBXFileReference; lastKnownFileType = image.png; path = line.png; sourceTree = "<group>"; };
		C5C3BC881A14F3AD00B6F417 /* theme.mp3 */ = {isa = PBXFileReference; lastKnownFileType = audio.mp3; path = theme.mp3; sourceTree = "<group>"; };
		C5C3BC8C1A14FB3400B6F417 /* laser.wav */ = {isa = PBXFileReference; lastKnownFileType = audio.wav; path = laser.wav; sourceTree = "<group>"; };
		C5C3BC901A150C2900B6F417 /* explosion.wav */ = {isa = PBXFileReference; lastKnownFileType = audio.wav; path = explosion.wav; sourceTree = "<group>"; };
		C5E262241A16771A009C3BB5 /* zap-1.png */ = {isa = PBXFileReference; lastKnownFileType = image.png; path = "zap-1.png"; sourceTree = "<group>"; };
		C5E262251A16771A009C3BB5 /* zap-2.png */ = {isa = PBXFileReference; lastKnownFileType = image.png; path = "zap-2.png"; sourceTree = "<group>"; };
		C5E262261A16771A009C3BB5 /* zap-3.png */ = {isa = PBXFileReference; lastKnownFileType = image.png; path = "zap-3.png"; sourceTree = "<group>"; };
		C5E2622A1A16C8EB009C3BB5 /* slash-1.png */ = {isa = PBXFileReference; lastKnownFileType = image.png; path = "slash-1.png"; sourceTree = "<group>"; };
		C5E2622B1A16C8EB009C3BB5 /* slash-2.png */ = {isa = PBXFileReference; lastKnownFileType = image.png; path = "slash-2.png"; sourceTree = "<group>"; };
		C5E2622C1A16C8EB009C3BB5 /* slash-3.png */ = {isa = PBXFileReference; lastKnownFileType = image.png; path = "slash-3.png"; sourceTree = "<group>"; };
		C5E2622D1A16C8EB009C3BB5 /* slash.png */ = {isa = PBXFileReference; lastKnownFileType = image.png; path = slash.png; sourceTree = "<group>"; };
		C5E262331A16CBA4009C3BB5 /* snow-1.png */ = {isa = PBXFileReference; lastKnownFileType = image.png; path = "snow-1.png"; sourceTree = "<group>"; };
		C5E262341A16CBA4009C3BB5 /* snow-2.png */ = {isa = PBXFileReference; lastKnownFileType = image.png; path = "snow-2.png"; sourceTree = "<group>"; };
		C5E262351A16CBA4009C3BB5 /* snow-3.png */ = {isa = PBXFileReference; lastKnownFileType = image.png; path = "snow-3.png"; sourceTree = "<group>"; };
		C5E262361A16CBA4009C3BB5 /* snow.png */ = {isa = PBXFileReference; lastKnownFileType = image.png; path = snow.png; sourceTree = "<group>"; };
		C5E262441A1739B5009C3BB5 /* powergold.png */ = {isa = PBXFileReference; lastKnownFileType = image.png; path = powergold.png; sourceTree = "<group>"; };
		C5E262451A1739B5009C3BB5 /* powergreen.png */ = {isa = PBXFileReference; lastKnownFileType = image.png; path = powergreen.png; sourceTree = "<group>"; };
		C5E262461A1739B5009C3BB5 /* powerred.png */ = {isa = PBXFileReference; lastKnownFileType = image.png; path = powerred.png; sourceTree = "<group>"; };
		C5E2624B1A173D07009C3BB5 /* powerblue.png */ = {isa = PBXFileReference; lastKnownFileType = image.png; path = powerblue.png; sourceTree = "<group>"; };
		C5EABBFF1A1C259600F09E10 /* statusbar.png */ = {isa = PBXFileReference; lastKnownFileType = image.png; path = statusbar.png; sourceTree = "<group>"; };
		C5F2EA5C1A153A980020206F /* antibody.png */ = {isa = PBXFileReference; lastKnownFileType = image.png; path = antibody.png; sourceTree = "<group>"; };
		C5F2EA681A155A480020206F /* explosion-1.png */ = {isa = PBXFileReference; lastKnownFileType = image.png; path = "explosion-1.png"; sourceTree = "<group>"; };
		C5F2EA691A155A480020206F /* explosion-2.png */ = {isa = PBXFileReference; lastKnownFileType = image.png; path = "explosion-2.png"; sourceTree = "<group>"; };
		C5F2EA6A1A155A480020206F /* explosion-3.png */ = {isa = PBXFileReference; lastKnownFileType = image.png; path = "explosion-3.png"; sourceTree = "<group>"; };
		C5F2EAB61A1631BE0020206F /* wcell.png */ = {isa = PBXFileReference; lastKnownFileType = image.png; path = wcell.png; sourceTree = "<group>"; };
		C5F2EAB81A1642AD0020206F /* amoeba-1.png */ = {isa = PBXFileReference; lastKnownFileType = image.png; path = "amoeba-1.png"; sourceTree = "<group>"; };
		C5F2EAB91A1642AD0020206F /* amoeba-2.png */ = {isa = PBXFileReference; lastKnownFileType = image.png; path = "amoeba-2.png"; sourceTree = "<group>"; };
		C5F2EABA1A1642AD0020206F /* amoeba-3.png */ = {isa = PBXFileReference; lastKnownFileType = image.png; path = "amoeba-3.png"; sourceTree = "<group>"; };
		C5F2EABB1A1642AD0020206F /* amoeba-4.png */ = {isa = PBXFileReference; lastKnownFileType = image.png; path = "amoeba-4.png"; sourceTree = "<group>"; };
		C5F2EABC1A1642AD0020206F /* amoeba-5.png */ = {isa = PBXFileReference; lastKnownFileType = image.png; path = "amoeba-5.png"; sourceTree = "<group>"; };
		C5F2EABD1A1642AD0020206F /* amoeba-6.png */ = {isa = PBXFileReference; lastKnownFileType = image.png; path = "amoeba-6.png"; sourceTree = "<group>"; };
		C5F2EABE1A1642AD0020206F /* amoeba-7.png */ = {isa = PBXFileReference; lastKnownFileType = image.png; path = "amoeba-7.png"; sourceTree = "<group>"; };
		C5F2EABF1A1642AD0020206F /* amoeba-8.png */ = {isa = PBXFileReference; lastKnownFileType = image.png; path = "amoeba-8.png"; sourceTree = "<group>"; };
		C5F2EAC01A1642AD0020206F /* amoeba.png */ = {isa = PBXFileReference; lastKnownFileType = image.png; path = amoeba.png; sourceTree = "<group>"; };
		C5F2EAEE1A164B8D0020206F /* bg@2x.jpg */ = {isa = PBXFileReference; lastKnownFileType = image.jpeg; path = "bg@2x.jpg"; sourceTree = "<group>"; };
		C5F2EAF01A1657170020206F /* vredstar-1.png */ = {isa = PBXFileReference; lastKnownFileType = image.png; path = "vredstar-1.png"; sourceTree = "<group>"; };
		C5F2EAF11A1657170020206F /* vredstar-2.png */ = {isa = PBXFileReference; lastKnownFileType = image.png; path = "vredstar-2.png"; sourceTree = "<group>"; };
		C5F2EAF21A1657170020206F /* vredstar-3.png */ = {isa = PBXFileReference; lastKnownFileType = image.png; path = "vredstar-3.png"; sourceTree = "<group>"; };
		C5F2EAF31A1657170020206F /* vredstar-4.png */ = {isa = PBXFileReference; lastKnownFileType = image.png; path = "vredstar-4.png"; sourceTree = "<group>"; };
		C5F2EAF41A1657170020206F /* vredstar-5.png */ = {isa = PBXFileReference; lastKnownFileType = image.png; path = "vredstar-5.png"; sourceTree = "<group>"; };
		C5F2EAF51A1657170020206F /* vredstar-6.png */ = {isa = PBXFileReference; lastKnownFileType = image.png; path = "vredstar-6.png"; sourceTree = "<group>"; };
		C5F2EAF61A1657170020206F /* vredstar-7.png */ = {isa = PBXFileReference; lastKnownFileType = image.png; path = "vredstar-7.png"; sourceTree = "<group>"; };
		C5F2EAF71A1657170020206F /* vredstar-8.png */ = {isa = PBXFileReference; lastKnownFileType = image.png; path = "vredstar-8.png"; sourceTree = "<group>"; };
		C5F2EAF81A1657170020206F /* vredstar.png */ = {isa = PBXFileReference; lastKnownFileType = image.png; path = vredstar.png; sourceTree = "<group>"; };
		C5F2EB031A1657AE0020206F /* vbluestar-1.png */ = {isa = PBXFileReference; lastKnownFileType = image.png; path = "vbluestar-1.png"; sourceTree = "<group>"; };
		C5F2EB041A1657AE0020206F /* vbluestar-2.png */ = {isa = PBXFileReference; lastKnownFileType = image.png; path = "vbluestar-2.png"; sourceTree = "<group>"; };
		C5F2EB051A1657AE0020206F /* vbluestar-3.png */ = {isa = PBXFileReference; lastKnownFileType = image.png; path = "vbluestar-3.png"; sourceTree = "<group>"; };
		C5F2EB061A1657AE0020206F /* vbluestar-4.png */ = {isa = PBXFileReference; lastKnownFileType = image.png; path = "vbluestar-4.png"; sourceTree = "<group>"; };
		C5F2EB071A1657AE0020206F /* vbluestar-5.png */ = {isa = PBXFileReference; lastKnownFileType = image.png; path = "vbluestar-5.png"; sourceTree = "<group>"; };
		C5F2EB081A1657AE0020206F /* vbluestar-6.png */ = {isa = PBXFileReference; lastKnownFileType = image.png; path = "vbluestar-6.png"; sourceTree = "<group>"; };
		C5F2EB091A1657AE0020206F /* vbluestar-7.png */ = {isa = PBXFileReference; lastKnownFileType = image.png; path = "vbluestar-7.png"; sourceTree = "<group>"; };
		C5F2EB0A1A1657AE0020206F /* vbluestar-8.png */ = {isa = PBXFileReference; lastKnownFileType = image.png; path = "vbluestar-8.png"; sourceTree = "<group>"; };
		C5F2EB0B1A1657AE0020206F /* vbluestar.png */ = {isa = PBXFileReference; lastKnownFileType = image.png; path = vbluestar.png; sourceTree = "<group>"; };
		C5F2EB161A1660D70020206F /* vgreenstar-1.png */ = {isa = PBXFileReference; lastKnownFileType = image.png; path = "vgreenstar-1.png"; sourceTree = "<group>"; };
		C5F2EB171A1660D70020206F /* vgreenstar-2.png */ = {isa = PBXFileReference; lastKnownFileType = image.png; path = "vgreenstar-2.png"; sourceTree = "<group>"; };
		C5F2EB181A1660D70020206F /* vgreenstar-3.png */ = {isa = PBXFileReference; lastKnownFileType = image.png; path = "vgreenstar-3.png"; sourceTree = "<group>"; };
		C5F2EB191A1660D70020206F /* vgreenstar-4.png */ = {isa = PBXFileReference; lastKnownFileType = image.png; path = "vgreenstar-4.png"; sourceTree = "<group>"; };
		C5F2EB1A1A1660D70020206F /* vgreenstar-5.png */ = {isa = PBXFileReference; lastKnownFileType = image.png; path = "vgreenstar-5.png"; sourceTree = "<group>"; };
		C5F2EB1B1A1660D70020206F /* vgreenstar-6.png */ = {isa = PBXFileReference; lastKnownFileType = image.png; path = "vgreenstar-6.png"; sourceTree = "<group>"; };
		C5F2EB1C1A1660D70020206F /* vgreenstar-7.png */ = {isa = PBXFileReference; lastKnownFileType = image.png; path = "vgreenstar-7.png"; sourceTree = "<group>"; };
		C5F2EB1D1A1660D70020206F /* vgreenstar-8.png */ = {isa = PBXFileReference; lastKnownFileType = image.png; path = "vgreenstar-8.png"; sourceTree = "<group>"; };
		C5F2EB1E1A1660D70020206F /* vgreenstar.png */ = {isa = PBXFileReference; lastKnownFileType = image.png; path = vgreenstar.png; sourceTree = "<group>"; };
		C5F2EB291A1664ED0020206F /* vgoldstar-1.png */ = {isa = PBXFileReference; lastKnownFileType = image.png; path = "vgoldstar-1.png"; sourceTree = "<group>"; };
		C5F2EB2A1A1664ED0020206F /* vgoldstar-2.png */ = {isa = PBXFileReference; lastKnownFileType = image.png; path = "vgoldstar-2.png"; sourceTree = "<group>"; };
		C5F2EB2B1A1664ED0020206F /* vgoldstar-3.png */ = {isa = PBXFileReference; lastKnownFileType = image.png; path = "vgoldstar-3.png"; sourceTree = "<group>"; };
		C5F2EB2C1A1664ED0020206F /* vgoldstar-4.png */ = {isa = PBXFileReference; lastKnownFileType = image.png; path = "vgoldstar-4.png"; sourceTree = "<group>"; };
		C5F2EB2D1A1664ED0020206F /* vgoldstar-5.png */ = {isa = PBXFileReference; lastKnownFileType = image.png; path = "vgoldstar-5.png"; sourceTree = "<group>"; };
		C5F2EB2E1A1664ED0020206F /* vgoldstar-6.png */ = {isa = PBXFileReference; lastKnownFileType = image.png; path = "vgoldstar-6.png"; sourceTree = "<group>"; };
		C5F2EB2F1A1664ED0020206F /* vgoldstar-7.png */ = {isa = PBXFileReference; lastKnownFileType = image.png; path = "vgoldstar-7.png"; sourceTree = "<group>"; };
		C5F2EB311A1664ED0020206F /* vgoldstar.png */ = {isa = PBXFileReference; lastKnownFileType = image.png; path = vgoldstar.png; sourceTree = "<group>"; };
		C5F2EB3B1A1665D60020206F /* vgoldstar-8.png */ = {isa = PBXFileReference; lastKnownFileType = image.png; path = "vgoldstar-8.png"; sourceTree = "<group>"; };
		C5F2EB411A166C070020206F /* pin.png */ = {isa = PBXFileReference; lastKnownFileType = image.png; path = pin.png; sourceTree = "<group>"; };
		C5F2EB451A166E790020206F /* zap.png */ = {isa = PBXFileReference; lastKnownFileType = image.png; path = zap.png; sourceTree = "<group>"; };
/* End PBXFileReference section */

/* Begin PBXFrameworksBuildPhase section */
		C538926E1A13661000E85D76 /* Frameworks */ = {
			isa = PBXFrameworksBuildPhase;
			buildActionMask = 2147483647;
			files = (
				C538929B1A13663500E85D76 /* SpriteKit.framework in Frameworks */,
			);
			runOnlyForDeploymentPostprocessing = 0;
		};
		C53892871A13661000E85D76 /* Frameworks */ = {
			isa = PBXFrameworksBuildPhase;
			buildActionMask = 2147483647;
			files = (
			);
			runOnlyForDeploymentPostprocessing = 0;
		};
/* End PBXFrameworksBuildPhase section */

/* Begin PBXGroup section */
		C53892681A13661000E85D76 = {
			isa = PBXGroup;
			children = (
				C538929A1A13663500E85D76 /* SpriteKit.framework */,
				C53892731A13661000E85D76 /* Microblast */,
				C538928D1A13661000E85D76 /* MicroblastTests */,
				C53892721A13661000E85D76 /* Products */,
			);
			sourceTree = "<group>";
		};
		C53892721A13661000E85D76 /* Products */ = {
			isa = PBXGroup;
			children = (
				C53892711A13661000E85D76 /* Microblast.app */,
				C538928A1A13661000E85D76 /* MicroblastTests.xctest */,
			);
			name = Products;
			sourceTree = "<group>";
		};
		C53892731A13661000E85D76 /* Microblast */ = {
			isa = PBXGroup;
			children = (
				C53892761A13661000E85D76 /* AppDelegate.swift */,
				C52667C31A1943380030CA8A /* TitleScene.swift */,
				C52667C51A19583C0030CA8A /* PreviewScene.swift */,
				C538927A1A13661000E85D76 /* GameScene.swift */,
				C53714DC1A14CC9100367933 /* GameDelegate.swift */,
				C538927C1A13661000E85D76 /* GameViewController.swift */,
				C538927E1A13661000E85D76 /* Main.storyboard */,
				C53892811A13661000E85D76 /* Images.xcassets */,
				C53892831A13661000E85D76 /* LaunchScreen.xib */,
				C53892741A13661000E85D76 /* Supporting Files */,
				C566AC211A14387700EF89F5 /* Physics.swift */,
				C53714D81A14CC0900367933 /* Utilities.swift */,
				C53714DA1A14CC4300367933 /* GameData.swift */,
				C566AC1F1A14382E00EF89F5 /* Game.swift */,
				C53714DE1A14CCAC00367933 /* Field.swift */,
				C53714E01A14CCD300367933 /* WhiteBloodCell.swift */,
				C53714E21A14CCF700367933 /* Antibody.swift */,
				C53714E41A14CD1100367933 /* Antigen.swift */,
				C53714E61A14CD2500367933 /* Virus.swift */,
			);
			path = Microblast;
			sourceTree = "<group>";
		};
		C53892741A13661000E85D76 /* Supporting Files */ = {
			isa = PBXGroup;
			children = (
				C56E50A81A1C3A34003153C9 /* line.png */,
				C5EABBFF1A1C259600F09E10 /* statusbar.png */,
				C52667C91A1ACEC20030CA8A /* chicken.png */,
				C52667CA1A1ACEC20030CA8A /* mikewazaski.png */,
				C52667CB1A1ACEC20030CA8A /* theabyss.png */,
				C52667C71A1ACEB10030CA8A /* meh.png */,
				C55319051A18C9F3004F45A1 /* previewgrid.png */,
				C55319071A18D281004F45A1 /* vredstar-silhouette */,
				C55319031A18C9E9004F45A1 /* levelpreview.png */,
				C55318FB1A1766EA004F45A1 /* special.wav */,
				C55318FA1A1766B6004F45A1 /* power */,
				C5F2EB4D1A1672C50020206F /* slash */,
				C5E262231A16770D009C3BB5 /* zap */,
				C5F2EB411A166C070020206F /* pin.png */,
				C5F2EAEE1A164B8D0020206F /* bg@2x.jpg */,
				C5E262321A16CB89009C3BB5 /* snow */,
				C5F2EAB61A1631BE0020206F /* wcell.png */,
				C5F2EA961A160B310020206F /* vredstar */,
				C5F2EB021A16579B0020206F /* vbluestar */,
				C5F2EA971A162DC80020206F /* amoeba */,
				C5F2EA5C1A153A980020206F /* antibody.png */,
				C55318E91A175E2A004F45A1 /* amoeba-split */,
				C5F2EB281A1664DA0020206F /* vgoldstar */,
				C5F2EB151A1660CB0020206F /* vgreenstar */,
				C5C3BCA41A15257B00B6F417 /* explosion */,
				C5C3BC901A150C2900B6F417 /* explosion.wav */,
				C5C3BC8C1A14FB3400B6F417 /* laser.wav */,
				C5C3BC881A14F3AD00B6F417 /* theme.mp3 */,
				C53892751A13661000E85D76 /* Info.plist */,
			);
			name = "Supporting Files";
			sourceTree = "<group>";
		};
		C538928D1A13661000E85D76 /* MicroblastTests */ = {
			isa = PBXGroup;
			children = (
				C53892901A13661000E85D76 /* MicroblastTests.swift */,
				C538928E1A13661000E85D76 /* Supporting Files */,
			);
			path = MicroblastTests;
			sourceTree = "<group>";
		};
		C538928E1A13661000E85D76 /* Supporting Files */ = {
			isa = PBXGroup;
			children = (
				C538928F1A13661000E85D76 /* Info.plist */,
			);
			name = "Supporting Files";
			sourceTree = "<group>";
		};
		C55318E91A175E2A004F45A1 /* amoeba-split */ = {
			isa = PBXGroup;
			children = (
				C55318EA1A175E38004F45A1 /* amoeba-split-1.png */,
				C55318EB1A175E38004F45A1 /* amoeba-split-2.png */,
				C55318EC1A175E38004F45A1 /* amoeba-split-3.png */,
				C55318ED1A175E38004F45A1 /* amoeba-split-4.png */,
				C55318EE1A175E38004F45A1 /* amoeba-split-5.png */,
				C55318EF1A175E38004F45A1 /* amoeba-split-6.png */,
				C55318F01A175E38004F45A1 /* amoeba-split-7.png */,
				C55318F11A175E38004F45A1 /* amoeba-split.png */,
			);
			name = "amoeba-split";
			sourceTree = "<group>";
		};
		C55318FA1A1766B6004F45A1 /* power */ = {
			isa = PBXGroup;
			children = (
				C5E2624B1A173D07009C3BB5 /* powerblue.png */,
				C5E262441A1739B5009C3BB5 /* powergold.png */,
				C5E262451A1739B5009C3BB5 /* powergreen.png */,
				C5E262461A1739B5009C3BB5 /* powerred.png */,
			);
			name = power;
			sourceTree = "<group>";
		};
		C55319071A18D281004F45A1 /* vredstar-silhouette */ = {
			isa = PBXGroup;
			children = (
				C55319081A18D296004F45A1 /* vredstar-silhouette-1.png */,
				C55319091A18D296004F45A1 /* vredstar-silhouette-2.png */,
				C553190A1A18D296004F45A1 /* vredstar-silhouette-3.png */,
				C553190B1A18D296004F45A1 /* vredstar-silhouette-4.png */,
				C553190C1A18D296004F45A1 /* vredstar-silhouette-5.png */,
				C553190D1A18D296004F45A1 /* vredstar-silhouette-6.png */,
				C553190E1A18D296004F45A1 /* vredstar-silhouette-7.png */,
				C553190F1A18D296004F45A1 /* vredstar-silhouette-8.png */,
				C55319101A18D296004F45A1 /* vredstar-silhouette.png */,
			);
			name = "vredstar-silhouette";
			sourceTree = "<group>";
		};
		C5C3BCA41A15257B00B6F417 /* explosion */ = {
			isa = PBXGroup;
			children = (
				C5F2EA681A155A480020206F /* explosion-1.png */,
				C5F2EA691A155A480020206F /* explosion-2.png */,
				C5F2EA6A1A155A480020206F /* explosion-3.png */,
			);
			name = explosion;
			sourceTree = "<group>";
		};
		C5E262231A16770D009C3BB5 /* zap */ = {
			isa = PBXGroup;
			children = (
				C5E262241A16771A009C3BB5 /* zap-1.png */,
				C5E262251A16771A009C3BB5 /* zap-2.png */,
				C5E262261A16771A009C3BB5 /* zap-3.png */,
				C5F2EB451A166E790020206F /* zap.png */,
			);
			name = zap;
			sourceTree = "<group>";
		};
		C5E262321A16CB89009C3BB5 /* snow */ = {
			isa = PBXGroup;
			children = (
				C5E262331A16CBA4009C3BB5 /* snow-1.png */,
				C5E262341A16CBA4009C3BB5 /* snow-2.png */,
				C5E262351A16CBA4009C3BB5 /* snow-3.png */,
				C5E262361A16CBA4009C3BB5 /* snow.png */,
			);
			name = snow;
			sourceTree = "<group>";
		};
		C5F2EA961A160B310020206F /* vredstar */ = {
			isa = PBXGroup;
			children = (
				C5F2EAF01A1657170020206F /* vredstar-1.png */,
				C5F2EAF11A1657170020206F /* vredstar-2.png */,
				C5F2EAF21A1657170020206F /* vredstar-3.png */,
				C5F2EAF31A1657170020206F /* vredstar-4.png */,
				C5F2EAF41A1657170020206F /* vredstar-5.png */,
				C5F2EAF51A1657170020206F /* vredstar-6.png */,
				C5F2EAF61A1657170020206F /* vredstar-7.png */,
				C5F2EAF71A1657170020206F /* vredstar-8.png */,
				C5F2EAF81A1657170020206F /* vredstar.png */,
			);
			name = vredstar;
			sourceTree = "<group>";
		};
		C5F2EA971A162DC80020206F /* amoeba */ = {
			isa = PBXGroup;
			children = (
				C5F2EAB81A1642AD0020206F /* amoeba-1.png */,
				C5F2EAB91A1642AD0020206F /* amoeba-2.png */,
				C5F2EABA1A1642AD0020206F /* amoeba-3.png */,
				C5F2EABB1A1642AD0020206F /* amoeba-4.png */,
				C5F2EABC1A1642AD0020206F /* amoeba-5.png */,
				C5F2EABD1A1642AD0020206F /* amoeba-6.png */,
				C5F2EABE1A1642AD0020206F /* amoeba-7.png */,
				C5F2EABF1A1642AD0020206F /* amoeba-8.png */,
				C5F2EAC01A1642AD0020206F /* amoeba.png */,
			);
			name = amoeba;
			sourceTree = "<group>";
		};
		C5F2EB021A16579B0020206F /* vbluestar */ = {
			isa = PBXGroup;
			children = (
				C5F2EB031A1657AE0020206F /* vbluestar-1.png */,
				C5F2EB041A1657AE0020206F /* vbluestar-2.png */,
				C5F2EB051A1657AE0020206F /* vbluestar-3.png */,
				C5F2EB061A1657AE0020206F /* vbluestar-4.png */,
				C5F2EB071A1657AE0020206F /* vbluestar-5.png */,
				C5F2EB081A1657AE0020206F /* vbluestar-6.png */,
				C5F2EB091A1657AE0020206F /* vbluestar-7.png */,
				C5F2EB0A1A1657AE0020206F /* vbluestar-8.png */,
				C5F2EB0B1A1657AE0020206F /* vbluestar.png */,
			);
			name = vbluestar;
			sourceTree = "<group>";
		};
		C5F2EB151A1660CB0020206F /* vgreenstar */ = {
			isa = PBXGroup;
			children = (
				C5F2EB161A1660D70020206F /* vgreenstar-1.png */,
				C5F2EB171A1660D70020206F /* vgreenstar-2.png */,
				C5F2EB181A1660D70020206F /* vgreenstar-3.png */,
				C5F2EB191A1660D70020206F /* vgreenstar-4.png */,
				C5F2EB1A1A1660D70020206F /* vgreenstar-5.png */,
				C5F2EB1B1A1660D70020206F /* vgreenstar-6.png */,
				C5F2EB1C1A1660D70020206F /* vgreenstar-7.png */,
				C5F2EB1D1A1660D70020206F /* vgreenstar-8.png */,
				C5F2EB1E1A1660D70020206F /* vgreenstar.png */,
			);
			name = vgreenstar;
			sourceTree = "<group>";
		};
		C5F2EB281A1664DA0020206F /* vgoldstar */ = {
			isa = PBXGroup;
			children = (
				C5F2EB3B1A1665D60020206F /* vgoldstar-8.png */,
				C5F2EB291A1664ED0020206F /* vgoldstar-1.png */,
				C5F2EB2A1A1664ED0020206F /* vgoldstar-2.png */,
				C5F2EB2B1A1664ED0020206F /* vgoldstar-3.png */,
				C5F2EB2C1A1664ED0020206F /* vgoldstar-4.png */,
				C5F2EB2D1A1664ED0020206F /* vgoldstar-5.png */,
				C5F2EB2E1A1664ED0020206F /* vgoldstar-6.png */,
				C5F2EB2F1A1664ED0020206F /* vgoldstar-7.png */,
				C5F2EB311A1664ED0020206F /* vgoldstar.png */,
			);
			name = vgoldstar;
			sourceTree = "<group>";
		};
		C5F2EB4D1A1672C50020206F /* slash */ = {
			isa = PBXGroup;
			children = (
				C5E2622A1A16C8EB009C3BB5 /* slash-1.png */,
				C5E2622B1A16C8EB009C3BB5 /* slash-2.png */,
				C5E2622C1A16C8EB009C3BB5 /* slash-3.png */,
				C5E2622D1A16C8EB009C3BB5 /* slash.png */,
			);
			name = slash;
			sourceTree = "<group>";
		};
/* End PBXGroup section */

/* Begin PBXNativeTarget section */
		C53892701A13661000E85D76 /* Microblast */ = {
			isa = PBXNativeTarget;
			buildConfigurationList = C53892941A13661000E85D76 /* Build configuration list for PBXNativeTarget "Microblast" */;
			buildPhases = (
				C538926D1A13661000E85D76 /* Sources */,
				C538926E1A13661000E85D76 /* Frameworks */,
				C538926F1A13661000E85D76 /* Resources */,
			);
			buildRules = (
			);
			dependencies = (
			);
			name = Microblast;
			productName = Microblast;
			productReference = C53892711A13661000E85D76 /* Microblast.app */;
			productType = "com.apple.product-type.application";
		};
		C53892891A13661000E85D76 /* MicroblastTests */ = {
			isa = PBXNativeTarget;
			buildConfigurationList = C53892971A13661000E85D76 /* Build configuration list for PBXNativeTarget "MicroblastTests" */;
			buildPhases = (
				C53892861A13661000E85D76 /* Sources */,
				C53892871A13661000E85D76 /* Frameworks */,
				C53892881A13661000E85D76 /* Resources */,
			);
			buildRules = (
			);
			dependencies = (
				C538928C1A13661000E85D76 /* PBXTargetDependency */,
			);
			name = MicroblastTests;
			productName = MicroblastTests;
			productReference = C538928A1A13661000E85D76 /* MicroblastTests.xctest */;
			productType = "com.apple.product-type.bundle.unit-test";
		};
/* End PBXNativeTarget section */

/* Begin PBXProject section */
		C53892691A13661000E85D76 /* Project object */ = {
			isa = PBXProject;
			attributes = {
				LastUpgradeCheck = 0610;
				ORGANIZATIONNAME = "Ian Cordero";
				TargetAttributes = {
					C53892701A13661000E85D76 = {
						CreatedOnToolsVersion = 6.1;
						DevelopmentTeam = KU446E46LK;
					};
					C53892891A13661000E85D76 = {
						CreatedOnToolsVersion = 6.1;
						TestTargetID = C53892701A13661000E85D76;
					};
				};
			};
			buildConfigurationList = C538926C1A13661000E85D76 /* Build configuration list for PBXProject "Microblast" */;
			compatibilityVersion = "Xcode 3.2";
			developmentRegion = English;
			hasScannedForEncodings = 0;
			knownRegions = (
				en,
				Base,
			);
			mainGroup = C53892681A13661000E85D76;
			productRefGroup = C53892721A13661000E85D76 /* Products */;
			projectDirPath = "";
			projectRoot = "";
			targets = (
				C53892701A13661000E85D76 /* Microblast */,
				C53892891A13661000E85D76 /* MicroblastTests */,
			);
		};
/* End PBXProject section */

/* Begin PBXResourcesBuildPhase section */
		C538926F1A13661000E85D76 /* Resources */ = {
			isa = PBXResourcesBuildPhase;
			buildActionMask = 2147483647;
			files = (
				C5F2EB251A1660D70020206F /* vgreenstar-7.png in Resources */,
				C5F2EB101A1657AE0020206F /* vbluestar-5.png in Resources */,
				C5E2624C1A173D07009C3BB5 /* powerblue.png in Resources */,
				C5F2EAC71A1642AD0020206F /* amoeba-7.png in Resources */,
				C53892851A13661000E85D76 /* LaunchScreen.xib in Resources */,
				C55318F61A175E38004F45A1 /* amoeba-split-5.png in Resources */,
				C5F2EAC21A1642AD0020206F /* amoeba-2.png in Resources */,
				C5F2EB421A166C070020206F /* pin.png in Resources */,
				C5F2EB0D1A1657AE0020206F /* vbluestar-2.png in Resources */,
				C5EABC001A1C259600F09E10 /* statusbar.png in Resources */,
				C52667CE1A1ACEC20030CA8A /* theabyss.png in Resources */,
				C5E262311A16C8EB009C3BB5 /* slash.png in Resources */,
				C5E262291A16771A009C3BB5 /* zap-3.png in Resources */,
				C5E262281A16771A009C3BB5 /* zap-2.png in Resources */,
				C5F2EAFA1A1657170020206F /* vredstar-2.png in Resources */,
				C5F2EA5D1A153A980020206F /* antibody.png in Resources */,
				C5F2EA6B1A155A480020206F /* explosion-1.png in Resources */,
				C5F2EAEF1A164B8D0020206F /* bg@2x.jpg in Resources */,
				C55319181A18D296004F45A1 /* vredstar-silhouette-8.png in Resources */,
				C55318F51A175E38004F45A1 /* amoeba-split-4.png in Resources */,
				C5F2EB231A1660D70020206F /* vgreenstar-5.png in Resources */,
				C5F2EA6C1A155A480020206F /* explosion-2.png in Resources */,
				C55319151A18D296004F45A1 /* vredstar-silhouette-5.png in Resources */,
				C5F2EB211A1660D70020206F /* vgreenstar-3.png in Resources */,
				C5E2624A1A1739B5009C3BB5 /* powerred.png in Resources */,
				C5F2EB331A1664ED0020206F /* vgoldstar-2.png in Resources */,
				C5F2EB241A1660D70020206F /* vgreenstar-6.png in Resources */,
				C52667CC1A1ACEC20030CA8A /* chicken.png in Resources */,
				C5F2EAF91A1657170020206F /* vredstar-1.png in Resources */,
				C5F2EAC41A1642AD0020206F /* amoeba-4.png in Resources */,
				C5F2EB201A1660D70020206F /* vgreenstar-2.png in Resources */,
				C5F2EB0E1A1657AE0020206F /* vbluestar-3.png in Resources */,
				C5F2EAB71A1631BE0020206F /* wcell.png in Resources */,
				C55318FC1A1766EA004F45A1 /* special.wav in Resources */,
				C5F2EB271A1660D70020206F /* vgreenstar.png in Resources */,
				C55318F81A175E38004F45A1 /* amoeba-split-7.png in Resources */,
				C5E262491A1739B5009C3BB5 /* powergreen.png in Resources */,
				C5F2EB461A166E790020206F /* zap.png in Resources */,
				C5E2623A1A16CBA4009C3BB5 /* snow.png in Resources */,
				C5F2EB221A1660D70020206F /* vgreenstar-4.png in Resources */,
				C5E2622E1A16C8EB009C3BB5 /* slash-1.png in Resources */,
				C5F2EB011A1657170020206F /* vredstar.png in Resources */,
				C5F2EB141A1657AE0020206F /* vbluestar.png in Resources */,
				C5F2EB3C1A1665D60020206F /* vgoldstar-8.png in Resources */,
				C55319131A18D296004F45A1 /* vredstar-silhouette-3.png in Resources */,
				C52667CD1A1ACEC20030CA8A /* mikewazaski.png in Resources */,
				C53892821A13661000E85D76 /* Images.xcassets in Resources */,
				C55318F91A175E38004F45A1 /* amoeba-split.png in Resources */,
				C55319171A18D296004F45A1 /* vredstar-silhouette-7.png in Resources */,
				C5E262481A1739B5009C3BB5 /* powergold.png in Resources */,
				C5F2EAC11A1642AD0020206F /* amoeba-1.png in Resources */,
				C5F2EB261A1660D70020206F /* vgreenstar-8.png in Resources */,
				C5C3BC891A14F3AD00B6F417 /* theme.mp3 in Resources */,
				C55319141A18D296004F45A1 /* vredstar-silhouette-4.png in Resources */,
				C5F2EA6D1A155A480020206F /* explosion-3.png in Resources */,
				C5F2EAC81A1642AD0020206F /* amoeba-8.png in Resources */,
				C55319041A18C9E9004F45A1 /* levelpreview.png in Resources */,
				C5F2EB3A1A1664ED0020206F /* vgoldstar.png in Resources */,
				C5F2EB111A1657AE0020206F /* vbluestar-6.png in Resources */,
				C5F2EB361A1664ED0020206F /* vgoldstar-5.png in Resources */,
				C55318F71A175E38004F45A1 /* amoeba-split-6.png in Resources */,
				C5E262391A16CBA4009C3BB5 /* snow-3.png in Resources */,
				C55319061A18C9F3004F45A1 /* previewgrid.png in Resources */,
				C5E262271A16771A009C3BB5 /* zap-1.png in Resources */,
				C5F2EB351A1664ED0020206F /* vgoldstar-4.png in Resources */,
				C5F2EB371A1664ED0020206F /* vgoldstar-6.png in Resources */,
				C5F2EAC91A1642AD0020206F /* amoeba.png in Resources */,
				C55319111A18D296004F45A1 /* vredstar-silhouette-1.png in Resources */,
				C5F2EAC61A1642AD0020206F /* amoeba-6.png in Resources */,
				C5F2EAFC1A1657170020206F /* vredstar-4.png in Resources */,
				C5C3BC911A150C2900B6F417 /* explosion.wav in Resources */,
				C5F2EB341A1664ED0020206F /* vgoldstar-3.png in Resources */,
				C5F2EB121A1657AE0020206F /* vbluestar-7.png in Resources */,
				C55319121A18D296004F45A1 /* vredstar-silhouette-2.png in Resources */,
				C55319161A18D296004F45A1 /* vredstar-silhouette-6.png in Resources */,
				C5F2EB131A1657AE0020206F /* vbluestar-8.png in Resources */,
				C5F2EAFD1A1657170020206F /* vredstar-5.png in Resources */,
				C5F2EAFF1A1657170020206F /* vredstar-7.png in Resources */,
				C5F2EB0C1A1657AE0020206F /* vbluestar-1.png in Resources */,
				C55318F41A175E38004F45A1 /* amoeba-split-3.png in Resources */,
				C5F2EB1F1A1660D70020206F /* vgreenstar-1.png in Resources */,
				C5C3BC8D1A14FB3400B6F417 /* laser.wav in Resources */,
				C55318F21A175E38004F45A1 /* amoeba-split-1.png in Resources */,
				C55318F31A175E38004F45A1 /* amoeba-split-2.png in Resources */,
				C5F2EB0F1A1657AE0020206F /* vbluestar-4.png in Resources */,
				C5F2EAC51A1642AD0020206F /* amoeba-5.png in Resources */,
				C5E262371A16CBA4009C3BB5 /* snow-1.png in Resources */,
				C52667C81A1ACEB10030CA8A /* meh.png in Resources */,
				C55319191A18D296004F45A1 /* vredstar-silhouette.png in Resources */,
				C5E2622F1A16C8EB009C3BB5 /* slash-2.png in Resources */,
				C5F2EB321A1664ED0020206F /* vgoldstar-1.png in Resources */,
				C56E50A91A1C3A34003153C9 /* line.png in Resources */,
				C5F2EAFB1A1657170020206F /* vredstar-3.png in Resources */,
				C53892801A13661000E85D76 /* Main.storyboard in Resources */,
				C5E262301A16C8EB009C3BB5 /* slash-3.png in Resources */,
				C5E262381A16CBA4009C3BB5 /* snow-2.png in Resources */,
				C5F2EB381A1664ED0020206F /* vgoldstar-7.png in Resources */,
				C5F2EB001A1657170020206F /* vredstar-8.png in Resources */,
				C5F2EAC31A1642AD0020206F /* amoeba-3.png in Resources */,
				C5F2EAFE1A1657170020206F /* vredstar-6.png in Resources */,
			);
			runOnlyForDeploymentPostprocessing = 0;
		};
		C53892881A13661000E85D76 /* Resources */ = {
			isa = PBXResourcesBuildPhase;
			buildActionMask = 2147483647;
			files = (
			);
			runOnlyForDeploymentPostprocessing = 0;
		};
/* End PBXResourcesBuildPhase section */

/* Begin PBXSourcesBuildPhase section */
		C538926D1A13661000E85D76 /* Sources */ = {
			isa = PBXSourcesBuildPhase;
			buildActionMask = 2147483647;
			files = (
				C53714E71A14CD2500367933 /* Virus.swift in Sources */,
				C53714D91A14CC0900367933 /* Utilities.swift in Sources */,
				C538927B1A13661000E85D76 /* GameScene.swift in Sources */,
				C52667C61A19583C0030CA8A /* PreviewScene.swift in Sources */,
				C53714E31A14CCF700367933 /* Antibody.swift in Sources */,
				C53714E51A14CD1100367933 /* Antigen.swift in Sources */,
				C53714DD1A14CC9100367933 /* GameDelegate.swift in Sources */,
				C538927D1A13661000E85D76 /* GameViewController.swift in Sources */,
				C566AC221A14387700EF89F5 /* Physics.swift in Sources */,
				C53714DF1A14CCAC00367933 /* Field.swift in Sources */,
				C52667C41A1943380030CA8A /* TitleScene.swift in Sources */,
				C53714DB1A14CC4300367933 /* GameData.swift in Sources */,
				C53892771A13661000E85D76 /* AppDelegate.swift in Sources */,
				C53714E11A14CCD300367933 /* WhiteBloodCell.swift in Sources */,
				C566AC201A14382E00EF89F5 /* Game.swift in Sources */,
			);
			runOnlyForDeploymentPostprocessing = 0;
		};
		C53892861A13661000E85D76 /* Sources */ = {
			isa = PBXSourcesBuildPhase;
			buildActionMask = 2147483647;
			files = (
				C53892911A13661000E85D76 /* MicroblastTests.swift in Sources */,
			);
			runOnlyForDeploymentPostprocessing = 0;
		};
/* End PBXSourcesBuildPhase section */

/* Begin PBXTargetDependency section */
		C538928C1A13661000E85D76 /* PBXTargetDependency */ = {
			isa = PBXTargetDependency;
			target = C53892701A13661000E85D76 /* Microblast */;
			targetProxy = C538928B1A13661000E85D76 /* PBXContainerItemProxy */;
		};
/* End PBXTargetDependency section */

/* Begin PBXVariantGroup section */
		C538927E1A13661000E85D76 /* Main.storyboard */ = {
			isa = PBXVariantGroup;
			children = (
				C538927F1A13661000E85D76 /* Base */,
			);
			name = Main.storyboard;
			sourceTree = "<group>";
		};
		C53892831A13661000E85D76 /* LaunchScreen.xib */ = {
			isa = PBXVariantGroup;
			children = (
				C53892841A13661000E85D76 /* Base */,
			);
			name = LaunchScreen.xib;
			sourceTree = "<group>";
		};
/* End PBXVariantGroup section */

/* Begin XCBuildConfiguration section */
		C53892921A13661000E85D76 /* Debug */ = {
			isa = XCBuildConfiguration;
			buildSettings = {
				ALWAYS_SEARCH_USER_PATHS = NO;
				CLANG_CXX_LANGUAGE_STANDARD = "gnu++0x";
				CLANG_CXX_LIBRARY = "libc++";
				CLANG_ENABLE_MODULES = YES;
				CLANG_ENABLE_OBJC_ARC = YES;
				CLANG_WARN_BOOL_CONVERSION = YES;
				CLANG_WARN_CONSTANT_CONVERSION = YES;
				CLANG_WARN_DIRECT_OBJC_ISA_USAGE = YES_ERROR;
				CLANG_WARN_EMPTY_BODY = YES;
				CLANG_WARN_ENUM_CONVERSION = YES;
				CLANG_WARN_INT_CONVERSION = YES;
				CLANG_WARN_OBJC_ROOT_CLASS = YES_ERROR;
				CLANG_WARN_UNREACHABLE_CODE = YES;
				CLANG_WARN__DUPLICATE_METHOD_MATCH = YES;
				"CODE_SIGN_IDENTITY[sdk=iphoneos*]" = "iPhone Developer";
				COPY_PHASE_STRIP = NO;
				ENABLE_STRICT_OBJC_MSGSEND = YES;
				GCC_C_LANGUAGE_STANDARD = gnu99;
				GCC_DYNAMIC_NO_PIC = NO;
				GCC_OPTIMIZATION_LEVEL = 0;
				GCC_PREPROCESSOR_DEFINITIONS = (
					"DEBUG=1",
					"$(inherited)",
				);
				GCC_SYMBOLS_PRIVATE_EXTERN = NO;
				GCC_WARN_64_TO_32_BIT_CONVERSION = YES;
				GCC_WARN_ABOUT_RETURN_TYPE = YES_ERROR;
				GCC_WARN_UNDECLARED_SELECTOR = YES;
				GCC_WARN_UNINITIALIZED_AUTOS = YES_AGGRESSIVE;
				GCC_WARN_UNUSED_FUNCTION = YES;
				GCC_WARN_UNUSED_VARIABLE = YES;
				IPHONEOS_DEPLOYMENT_TARGET = 8.1;
				MTL_ENABLE_DEBUG_INFO = YES;
				ONLY_ACTIVE_ARCH = YES;
				SDKROOT = iphoneos;
				SWIFT_OPTIMIZATION_LEVEL = "-Onone";
			};
			name = Debug;
		};
		C53892931A13661000E85D76 /* Release */ = {
			isa = XCBuildConfiguration;
			buildSettings = {
				ALWAYS_SEARCH_USER_PATHS = NO;
				CLANG_CXX_LANGUAGE_STANDARD = "gnu++0x";
				CLANG_CXX_LIBRARY = "libc++";
				CLANG_ENABLE_MODULES = YES;
				CLANG_ENABLE_OBJC_ARC = YES;
				CLANG_WARN_BOOL_CONVERSION = YES;
				CLANG_WARN_CONSTANT_CONVERSION = YES;
				CLANG_WARN_DIRECT_OBJC_ISA_USAGE = YES_ERROR;
				CLANG_WARN_EMPTY_BODY = YES;
				CLANG_WARN_ENUM_CONVERSION = YES;
				CLANG_WARN_INT_CONVERSION = YES;
				CLANG_WARN_OBJC_ROOT_CLASS = YES_ERROR;
				CLANG_WARN_UNREACHABLE_CODE = YES;
				CLANG_WARN__DUPLICATE_METHOD_MATCH = YES;
				"CODE_SIGN_IDENTITY[sdk=iphoneos*]" = "iPhone Developer";
				COPY_PHASE_STRIP = YES;
				ENABLE_NS_ASSERTIONS = NO;
				ENABLE_STRICT_OBJC_MSGSEND = YES;
				GCC_C_LANGUAGE_STANDARD = gnu99;
				GCC_WARN_64_TO_32_BIT_CONVERSION = YES;
				GCC_WARN_ABOUT_RETURN_TYPE = YES_ERROR;
				GCC_WARN_UNDECLARED_SELECTOR = YES;
				GCC_WARN_UNINITIALIZED_AUTOS = YES_AGGRESSIVE;
				GCC_WARN_UNUSED_FUNCTION = YES;
				GCC_WARN_UNUSED_VARIABLE = YES;
				IPHONEOS_DEPLOYMENT_TARGET = 8.1;
				MTL_ENABLE_DEBUG_INFO = NO;
				SDKROOT = iphoneos;
				VALIDATE_PRODUCT = YES;
			};
			name = Release;
		};
		C53892951A13661000E85D76 /* Debug */ = {
			isa = XCBuildConfiguration;
			buildSettings = {
				ASSETCATALOG_COMPILER_APPICON_NAME = AppIcon;
				CODE_SIGN_IDENTITY = "iPhone Developer";
				"CODE_SIGN_IDENTITY[sdk=iphoneos*]" = "iPhone Developer";
				INFOPLIST_FILE = Microblast/Info.plist;
				LD_RUNPATH_SEARCH_PATHS = "$(inherited) @executable_path/Frameworks";
				PRODUCT_NAME = "$(TARGET_NAME)";
				PROVISIONING_PROFILE = "";
			};
			name = Debug;
		};
		C53892961A13661000E85D76 /* Release */ = {
			isa = XCBuildConfiguration;
			buildSettings = {
				ASSETCATALOG_COMPILER_APPICON_NAME = AppIcon;
				CODE_SIGN_IDENTITY = "iPhone Developer";
				"CODE_SIGN_IDENTITY[sdk=iphoneos*]" = "iPhone Developer";
				INFOPLIST_FILE = Microblast/Info.plist;
				LD_RUNPATH_SEARCH_PATHS = "$(inherited) @executable_path/Frameworks";
				PRODUCT_NAME = "$(TARGET_NAME)";
				PROVISIONING_PROFILE = "";
			};
			name = Release;
		};
		C53892981A13661000E85D76 /* Debug */ = {
			isa = XCBuildConfiguration;
			buildSettings = {
				BUNDLE_LOADER = "$(TEST_HOST)";
				FRAMEWORK_SEARCH_PATHS = (
					"$(SDKROOT)/Developer/Library/Frameworks",
					"$(inherited)",
				);
				GCC_PREPROCESSOR_DEFINITIONS = (
					"DEBUG=1",
					"$(inherited)",
				);
				INFOPLIST_FILE = MicroblastTests/Info.plist;
				LD_RUNPATH_SEARCH_PATHS = "$(inherited) @executable_path/Frameworks @loader_path/Frameworks";
				PRODUCT_NAME = "$(TARGET_NAME)";
				TEST_HOST = "$(BUILT_PRODUCTS_DIR)/Microblast.app/Microblast";
			};
			name = Debug;
		};
		C53892991A13661000E85D76 /* Release */ = {
			isa = XCBuildConfiguration;
			buildSettings = {
				BUNDLE_LOADER = "$(TEST_HOST)";
				FRAMEWORK_SEARCH_PATHS = (
					"$(SDKROOT)/Developer/Library/Frameworks",
					"$(inherited)",
				);
				INFOPLIST_FILE = MicroblastTests/Info.plist;
				LD_RUNPATH_SEARCH_PATHS = "$(inherited) @executable_path/Frameworks @loader_path/Frameworks";
				PRODUCT_NAME = "$(TARGET_NAME)";
				TEST_HOST = "$(BUILT_PRODUCTS_DIR)/Microblast.app/Microblast";
			};
			name = Release;
		};
/* End XCBuildConfiguration section */

/* Begin XCConfigurationList section */
		C538926C1A13661000E85D76 /* Build configuration list for PBXProject "Microblast" */ = {
			isa = XCConfigurationList;
			buildConfigurations = (
				C53892921A13661000E85D76 /* Debug */,
				C53892931A13661000E85D76 /* Release */,
			);
			defaultConfigurationIsVisible = 0;
			defaultConfigurationName = Release;
		};
		C53892941A13661000E85D76 /* Build configuration list for PBXNativeTarget "Microblast" */ = {
			isa = XCConfigurationList;
			buildConfigurations = (
				C53892951A13661000E85D76 /* Debug */,
				C53892961A13661000E85D76 /* Release */,
			);
			defaultConfigurationIsVisible = 0;
			defaultConfigurationName = Release;
		};
		C53892971A13661000E85D76 /* Build configuration list for PBXNativeTarget "MicroblastTests" */ = {
			isa = XCConfigurationList;
			buildConfigurations = (
				C53892981A13661000E85D76 /* Debug */,
				C53892991A13661000E85D76 /* Release */,
			);
			defaultConfigurationIsVisible = 0;
			defaultConfigurationName = Release;
		};
/* End XCConfigurationList section */
	};
	rootObject = C53892691A13661000E85D76 /* Project object */;
}
